
Microsoft Visual Studio Solution File, Format Version 12.00
# Visual Studio Version 17
VisualStudioVersion = 17.7.34031.279
MinimumVisualStudioVersion = 10.0.40219.1
Project("{FAE04EC0-301F-11D3-BF4B-00C04F79EFBC}") = "Labb8 Generic Collections", "Labb8 Generic Collections\Labb8 Generic Collections.csproj", "{BFB1F016-3C77-471D-AB46-99A7E493F4CF}"
EndProject
Global
	GlobalSection(SolutionConfigurationPlatforms) = preSolution
		Debug|Any CPU = Debug|Any CPU
		Release|Any CPU = Release|Any CPU
	EndGlobalSection
	GlobalSection(ProjectConfigurationPlatforms) = postSolution
		{BFB1F016-3C77-471D-AB46-99A7E493F4CF}.Debug|Any CPU.ActiveCfg = Debug|Any CPU
		{BFB1F016-3C77-471D-AB46-99A7E493F4CF}.Debug|Any CPU.Build.0 = Debug|Any CPU
		{BFB1F016-3C77-471D-AB46-99A7E493F4CF}.Release|Any CPU.ActiveCfg = Release|Any CPU
		{BFB1F016-3C77-471D-AB46-99A7E493F4CF}.Release|Any CPU.Build.0 = Release|Any CPU
	EndGlobalSection
	GlobalSection(SolutionProperties) = preSolution
		HideSolutionNode = FALSE
	EndGlobalSection
	GlobalSection(ExtensibilityGlobals) = postSolution
		SolutionGuid = {22571E2F-64D4-4392-9569-549E8128B1FF}
	EndGlobalSection
EndGlobal
